# DO NOT EDIT MANUALLY - Managed by Fern Replay
version: "1.0"
generations:
  - commit_sha: d1b397945cde28063f302964d1e6ea46f27e8829
    tree_hash: f1b01b10fcf7273166b948e7e390c5d6290dca8e
    timestamp: 2026-06-15T16:04:12.369Z
    cli_version: unknown
    generator_versions: {}
current_generation: d1b397945cde28063f302964d1e6ea46f27e8829
patches: []
