# DO NOT EDIT MANUALLY - Managed by Fern Replay
version: "1.0"
generations:
  - commit_sha: 23865bb996fac07fb520d04361b78c4f2e0dc25f
    tree_hash: 4112cf01c9a321bab1cd8a35c3ea89b992b8a99a
    timestamp: 2026-06-08T16:58:56.630Z
    cli_version: unknown
    generator_versions: {}
current_generation: 23865bb996fac07fb520d04361b78c4f2e0dc25f
patches: []
